
Microsoft Visual Studio Solution File, Format Version 12.00
# Visual Studio Version 17
VisualStudioVersion = 17.0.31912.275
MinimumVisualStudioVersion = 10.0.40219.1
Project("{9A19103F-16F7-4668-BE54-9A1E7A4F7556}") = "MineSweeper.Game.Test", "MineSweeper.Game.Test\MineSweeper.Game.Test.csproj", "{6613E6EE-F225-48C3-87CD-AD5501113E64}"
EndProject
Project("{9A19103F-16F7-4668-BE54-9A1E7A4F7556}") = "MineSweeper.Game", "MineSweeper.Game\MineSweeper.Game.csproj", "{4F318372-1109-4116-944D-FC6A2789D4D3}"
EndProject
Project("{2150E333-8FDC-42A3-9474-1A3956D46DE8}") = "Backend", "Backend", "{8174AEAE-E16A-4DF0-AD7C-965FC94802A8}"
EndProject
Project("{2150E333-8FDC-42A3-9474-1A3956D46DE8}") = "Frontend", "Frontend", "{E0C8A7C3-D504-417F-B0DF-D06F7B64C85F}"
EndProject
Project("{9A19103F-16F7-4668-BE54-9A1E7A4F7556}") = "MineSweeper.Blazor.Server", "MineSweeper.Blazor.Server\MineSweeper.Blazor.Server.csproj", "{8C2A4BB3-72AD-4A4D-AD57-6AFC78F016B5}"
EndProject
Project("{2150E333-8FDC-42A3-9474-1A3956D46DE8}") = "Tests", "Tests", "{C5EA8D7D-4552-438C-B0BA-698B4D333132}"
EndProject
Project("{9A19103F-16F7-4668-BE54-9A1E7A4F7556}") = "MineSweeper.API.Game", "MineSweeper.API.Game\MineSweeper.API.Game.csproj", "{18995CA2-2723-4087-9A70-BA46738D7CDA}"
EndProject
Project("{FAE04EC0-301F-11D3-BF4B-00C04F79EFBC}") = "MineSweeper.API.Score", "MineSweeper.API.Score\MineSweeper.API.Score.csproj", "{BE09C0CE-DC7C-4CAD-8D8E-013B53D2F9FC}"
EndProject
Global
	GlobalSection(SolutionConfigurationPlatforms) = preSolution
		Debug|Any CPU = Debug|Any CPU
		Release|Any CPU = Release|Any CPU
	EndGlobalSection
	GlobalSection(ProjectConfigurationPlatforms) = postSolution
		{6613E6EE-F225-48C3-87CD-AD5501113E64}.Debug|Any CPU.ActiveCfg = Debug|Any CPU
		{6613E6EE-F225-48C3-87CD-AD5501113E64}.Debug|Any CPU.Build.0 = Debug|Any CPU
		{6613E6EE-F225-48C3-87CD-AD5501113E64}.Release|Any CPU.ActiveCfg = Release|Any CPU
		{6613E6EE-F225-48C3-87CD-AD5501113E64}.Release|Any CPU.Build.0 = Release|Any CPU
		{4F318372-1109-4116-944D-FC6A2789D4D3}.Debug|Any CPU.ActiveCfg = Debug|Any CPU
		{4F318372-1109-4116-944D-FC6A2789D4D3}.Debug|Any CPU.Build.0 = Debug|Any CPU
		{4F318372-1109-4116-944D-FC6A2789D4D3}.Release|Any CPU.ActiveCfg = Release|Any CPU
		{4F318372-1109-4116-944D-FC6A2789D4D3}.Release|Any CPU.Build.0 = Release|Any CPU
		{8C2A4BB3-72AD-4A4D-AD57-6AFC78F016B5}.Debug|Any CPU.ActiveCfg = Debug|Any CPU
		{8C2A4BB3-72AD-4A4D-AD57-6AFC78F016B5}.Debug|Any CPU.Build.0 = Debug|Any CPU
		{8C2A4BB3-72AD-4A4D-AD57-6AFC78F016B5}.Release|Any CPU.ActiveCfg = Release|Any CPU
		{8C2A4BB3-72AD-4A4D-AD57-6AFC78F016B5}.Release|Any CPU.Build.0 = Release|Any CPU
		{18995CA2-2723-4087-9A70-BA46738D7CDA}.Debug|Any CPU.ActiveCfg = Debug|Any CPU
		{18995CA2-2723-4087-9A70-BA46738D7CDA}.Debug|Any CPU.Build.0 = Debug|Any CPU
		{18995CA2-2723-4087-9A70-BA46738D7CDA}.Release|Any CPU.ActiveCfg = Release|Any CPU
		{18995CA2-2723-4087-9A70-BA46738D7CDA}.Release|Any CPU.Build.0 = Release|Any CPU
		{BE09C0CE-DC7C-4CAD-8D8E-013B53D2F9FC}.Debug|Any CPU.ActiveCfg = Debug|Any CPU
		{BE09C0CE-DC7C-4CAD-8D8E-013B53D2F9FC}.Debug|Any CPU.Build.0 = Debug|Any CPU
		{BE09C0CE-DC7C-4CAD-8D8E-013B53D2F9FC}.Release|Any CPU.ActiveCfg = Release|Any CPU
		{BE09C0CE-DC7C-4CAD-8D8E-013B53D2F9FC}.Release|Any CPU.Build.0 = Release|Any CPU
	EndGlobalSection
	GlobalSection(SolutionProperties) = preSolution
		HideSolutionNode = FALSE
	EndGlobalSection
	GlobalSection(NestedProjects) = preSolution
		{6613E6EE-F225-48C3-87CD-AD5501113E64} = {C5EA8D7D-4552-438C-B0BA-698B4D333132}
		{4F318372-1109-4116-944D-FC6A2789D4D3} = {8174AEAE-E16A-4DF0-AD7C-965FC94802A8}
		{8C2A4BB3-72AD-4A4D-AD57-6AFC78F016B5} = {E0C8A7C3-D504-417F-B0DF-D06F7B64C85F}
		{18995CA2-2723-4087-9A70-BA46738D7CDA} = {8174AEAE-E16A-4DF0-AD7C-965FC94802A8}
		{BE09C0CE-DC7C-4CAD-8D8E-013B53D2F9FC} = {8174AEAE-E16A-4DF0-AD7C-965FC94802A8}
	EndGlobalSection
	GlobalSection(ExtensibilityGlobals) = postSolution
		SolutionGuid = {FF1595B5-45BB-4834-B97C-E600D4443978}
	EndGlobalSection
EndGlobal
