
Microsoft Visual Studio Solution File, Format Version 12.00
# Visual Studio Version 16
VisualStudioVersion = 16.0.31402.337
MinimumVisualStudioVersion = 10.0.40219.1
Project("{9A19103F-16F7-4668-BE54-9A1E7A4F7556}") = "MineSweeper", "MineSweeper\MineSweeper.csproj", "{EC1E4FE7-7151-4BFA-9CE3-058C37C427B1}"
EndProject
Project("{9A19103F-16F7-4668-BE54-9A1E7A4F7556}") = "MineSweeper.Test", "MineSweeper.Test\MineSweeper.Test.csproj", "{6613E6EE-F225-48C3-87CD-AD5501113E64}"
EndProject
Project("{9A19103F-16F7-4668-BE54-9A1E7A4F7556}") = "MineSweeper.Blazor", "MineSweeper.Blazor\MineSweeper.Blazor.csproj", "{B41F2C00-4BFB-4B8B-BDFD-5A114D85CAFF}"
EndProject
Project("{9A19103F-16F7-4668-BE54-9A1E7A4F7556}") = "MineSweeper.API", "MineSweeper.API\MineSweeper.API.csproj", "{BB7FEA75-1A5A-4150-B061-30C8BBC210DA}"
EndProject
Global
	GlobalSection(SolutionConfigurationPlatforms) = preSolution
		Debug|Any CPU = Debug|Any CPU
		Release|Any CPU = Release|Any CPU
	EndGlobalSection
	GlobalSection(ProjectConfigurationPlatforms) = postSolution
		{EC1E4FE7-7151-4BFA-9CE3-058C37C427B1}.Debug|Any CPU.ActiveCfg = Debug|Any CPU
		{EC1E4FE7-7151-4BFA-9CE3-058C37C427B1}.Debug|Any CPU.Build.0 = Debug|Any CPU
		{EC1E4FE7-7151-4BFA-9CE3-058C37C427B1}.Release|Any CPU.ActiveCfg = Release|Any CPU
		{EC1E4FE7-7151-4BFA-9CE3-058C37C427B1}.Release|Any CPU.Build.0 = Release|Any CPU
		{6613E6EE-F225-48C3-87CD-AD5501113E64}.Debug|Any CPU.ActiveCfg = Debug|Any CPU
		{6613E6EE-F225-48C3-87CD-AD5501113E64}.Debug|Any CPU.Build.0 = Debug|Any CPU
		{6613E6EE-F225-48C3-87CD-AD5501113E64}.Release|Any CPU.ActiveCfg = Release|Any CPU
		{6613E6EE-F225-48C3-87CD-AD5501113E64}.Release|Any CPU.Build.0 = Release|Any CPU
		{B41F2C00-4BFB-4B8B-BDFD-5A114D85CAFF}.Debug|Any CPU.ActiveCfg = Debug|Any CPU
		{B41F2C00-4BFB-4B8B-BDFD-5A114D85CAFF}.Debug|Any CPU.Build.0 = Debug|Any CPU
		{B41F2C00-4BFB-4B8B-BDFD-5A114D85CAFF}.Release|Any CPU.ActiveCfg = Release|Any CPU
		{B41F2C00-4BFB-4B8B-BDFD-5A114D85CAFF}.Release|Any CPU.Build.0 = Release|Any CPU
		{BB7FEA75-1A5A-4150-B061-30C8BBC210DA}.Debug|Any CPU.ActiveCfg = Debug|Any CPU
		{BB7FEA75-1A5A-4150-B061-30C8BBC210DA}.Debug|Any CPU.Build.0 = Debug|Any CPU
		{BB7FEA75-1A5A-4150-B061-30C8BBC210DA}.Release|Any CPU.ActiveCfg = Release|Any CPU
		{BB7FEA75-1A5A-4150-B061-30C8BBC210DA}.Release|Any CPU.Build.0 = Release|Any CPU
	EndGlobalSection
	GlobalSection(SolutionProperties) = preSolution
		HideSolutionNode = FALSE
	EndGlobalSection
	GlobalSection(ExtensibilityGlobals) = postSolution
		SolutionGuid = {FF1595B5-45BB-4834-B97C-E600D4443978}
	EndGlobalSection
EndGlobal
